
Microsoft Visual Studio Solution File, Format Version 12.00
# Visual Studio Version 17
VisualStudioVersion = 17.3.32819.101
MinimumVisualStudioVersion = 10.0.40219.1
Project("{FAE04EC0-301F-11D3-BF4B-00C04F79EFBC}") = "Introduction", "Cloud22CSharp\Introduction.csproj", "{86B21186-474F-4EC8-806D-C6DA5A1B7975}"
EndProject
Project("{FAE04EC0-301F-11D3-BF4B-00C04F79EFBC}") = "VSDemo", "VSDemo\VSDemo.csproj", "{9730004C-2385-4CEF-A28C-24649AE83FFF}"
EndProject
Global
	GlobalSection(SolutionConfigurationPlatforms) = preSolution
		Debug|Any CPU = Debug|Any CPU
		Release|Any CPU = Release|Any CPU
	EndGlobalSection
	GlobalSection(ProjectConfigurationPlatforms) = postSolution
		{86B21186-474F-4EC8-806D-C6DA5A1B7975}.Debug|Any CPU.ActiveCfg = Debug|Any CPU
		{86B21186-474F-4EC8-806D-C6DA5A1B7975}.Debug|Any CPU.Build.0 = Debug|Any CPU
		{86B21186-474F-4EC8-806D-C6DA5A1B7975}.Release|Any CPU.ActiveCfg = Release|Any CPU
		{86B21186-474F-4EC8-806D-C6DA5A1B7975}.Release|Any CPU.Build.0 = Release|Any CPU
		{9730004C-2385-4CEF-A28C-24649AE83FFF}.Debug|Any CPU.ActiveCfg = Debug|Any CPU
		{9730004C-2385-4CEF-A28C-24649AE83FFF}.Debug|Any CPU.Build.0 = Debug|Any CPU
		{9730004C-2385-4CEF-A28C-24649AE83FFF}.Release|Any CPU.ActiveCfg = Release|Any CPU
		{9730004C-2385-4CEF-A28C-24649AE83FFF}.Release|Any CPU.Build.0 = Release|Any CPU
	EndGlobalSection
	GlobalSection(SolutionProperties) = preSolution
		HideSolutionNode = FALSE
	EndGlobalSection
	GlobalSection(ExtensibilityGlobals) = postSolution
		SolutionGuid = {82236DBC-06CB-4BC6-8A67-38C5335B1531}
	EndGlobalSection
EndGlobal
